// !$*UTF8*$!
{
	archiveVersion = 1;
	classes = {
	};
	objectVersion = 46;
	objects = {

/* Begin PBXBuildFile section */
		AE111E6D1A3BB7B500284D0C /* AppDelegate.swift in Sources */ = {isa = PBXBuildFile; fileRef = AE111E6C1A3BB7B500284D0C /* AppDelegate.swift */; };
		AE111E6F1A3BB7B500284D0C /* ViewController.swift in Sources */ = {isa = PBXBuildFile; fileRef = AE111E6E1A3BB7B500284D0C /* ViewController.swift */; };
		AE111E721A3BB7B500284D0C /* Main.storyboard in Resources */ = {isa = PBXBuildFile; fileRef = AE111E701A3BB7B500284D0C /* Main.storyboard */; };
		AE111E741A3BB7B500284D0C /* Images.xcassets in Resources */ = {isa = PBXBuildFile; fileRef = AE111E731A3BB7B500284D0C /* Images.xcassets */; };
		AE111E771A3BB7B500284D0C /* LaunchScreen.xib in Resources */ = {isa = PBXBuildFile; fileRef = AE111E751A3BB7B500284D0C /* LaunchScreen.xib */; };
		AE111E831A3BB7B600284D0C /* PostcardTests.swift in Sources */ = {isa = PBXBuildFile; fileRef = AE111E821A3BB7B600284D0C /* PostcardTests.swift */; };
		AE111E8E1A3BE84D00284D0C /* AlbertEinsteinStamp.jpg in Resources */ = {isa = PBXBuildFile; fileRef = AE111E8C1A3BE84D00284D0C /* AlbertEinsteinStamp.jpg */; };
		AE111E8F1A3BE84D00284D0C /* SagradaFamilia.jpeg in Resources */ = {isa = PBXBuildFile; fileRef = AE111E8D1A3BE84D00284D0C /* SagradaFamilia.jpeg */; };
/* End PBXBuildFile section */

/* Begin PBXContainerItemProxy section */
		AE111E7D1A3BB7B600284D0C /* PBXContainerItemProxy */ = {
			isa = PBXContainerItemProxy;
			containerPortal = AE111E5F1A3BB7B500284D0C /* Project object */;
			proxyType = 1;
			remoteGlobalIDString = AE111E661A3BB7B500284D0C;
			remoteInfo = Postcard;
		};
/* End PBXContainerItemProxy section */

/* Begin PBXFileReference section */
		AE111E671A3BB7B500284D0C /* Postcard.app */ = {isa = PBXFileReference; explicitFileType = wrapper.application; includeInIndex = 0; path = Postcard.app; sourceTree = BUILT_PRODUCTS_DIR; };
		AE111E6B1A3BB7B500284D0C /* Info.plist */ = {isa = PBXFileReference; lastKnownFileType = text.plist.xml; path = Info.plist; sourceTree = "<group>"; };
		AE111E6C1A3BB7B500284D0C /* AppDelegate.swift */ = {isa = PBXFileReference; lastKnownFileType = sourcecode.swift; path = AppDelegate.swift; sourceTree = "<group>"; };
		AE111E6E1A3BB7B500284D0C /* ViewController.swift */ = {isa = PBXFileReference; lastKnownFileType = sourcecode.swift; path = ViewController.swift; sourceTree = "<group>"; };
		AE111E711A3BB7B500284D0C /* Base */ = {isa = PBXFileReference; lastKnownFileType = file.storyboard; name = Base; path = Base.lproj/Main.storyboard; sourceTree = "<group>"; };
		AE111E731A3BB7B500284D0C /* Images.xcassets */ = {isa = PBXFileReference; lastKnownFileType = folder.assetcatalog; path = Images.xcassets; sourceTree = "<group>"; };
		AE111E761A3BB7B500284D0C /* Base */ = {isa = PBXFileReference; lastKnownFileType = file.xib; name = Base; path = Base.lproj/LaunchScreen.xib; sourceTree = "<group>"; };
		AE111E7C1A3BB7B600284D0C /* PostcardTests.xctest */ = {isa = PBXFileReference; explicitFileType = wrapper.cfbundle; includeInIndex = 0; path = PostcardTests.xctest; sourceTree = BUILT_PRODUCTS_DIR; };
		AE111E811A3BB7B600284D0C /* Info.plist */ = {isa = PBXFileReference; lastKnownFileType = text.plist.xml; path = Info.plist; sourceTree = "<group>"; };
		AE111E821A3BB7B600284D0C /* PostcardTests.swift */ = {isa = PBXFileReference; lastKnownFileType = sourcecode.swift; path = PostcardTests.swift; sourceTree = "<group>"; };
		AE111E8C1A3BE84D00284D0C /* AlbertEinsteinStamp.jpg */ = {isa = PBXFileReference; lastKnownFileType = image.jpeg; path = AlbertEinsteinStamp.jpg; sourceTree = "<group>"; };
		AE111E8D1A3BE84D00284D0C /* SagradaFamilia.jpeg */ = {isa = PBXFileReference; lastKnownFileType = image.jpeg; path = SagradaFamilia.jpeg; sourceTree = "<group>"; };
/* End PBXFileReference section */

/* Begin PBXFrameworksBuildPhase section */
		AE111E641A3BB7B500284D0C /* Frameworks */ = {
			isa = PBXFrameworksBuildPhase;
			buildActionMask = 2147483647;
			files = (
			);
			runOnlyForDeploymentPostprocessing = 0;
		};
		AE111E791A3BB7B600284D0C /* Frameworks */ = {
			isa = PBXFrameworksBuildPhase;
			buildActionMask = 2147483647;
			files = (
			);
			runOnlyForDeploymentPostprocessing = 0;
		};
/* End PBXFrameworksBuildPhase section */

/* Begin PBXGroup section */
		AE111E5E1A3BB7B500284D0C = {
			isa = PBXGroup;
			children = (
				AE111E691A3BB7B500284D0C /* Postcard */,
				AE111E7F1A3BB7B600284D0C /* PostcardTests */,
				AE111E681A3BB7B500284D0C /* Products */,
			);
			sourceTree = "<group>";
		};
		AE111E681A3BB7B500284D0C /* Products */ = {
			isa = PBXGroup;
			children = (
				AE111E671A3BB7B500284D0C /* Postcard.app */,
				AE111E7C1A3BB7B600284D0C /* PostcardTests.xctest */,
			);
			name = Products;
			sourceTree = "<group>";
		};
		AE111E691A3BB7B500284D0C /* Postcard */ = {
			isa = PBXGroup;
			children = (
				AE111E6C1A3BB7B500284D0C /* AppDelegate.swift */,
				AE111E6E1A3BB7B500284D0C /* ViewController.swift */,
				AE111E701A3BB7B500284D0C /* Main.storyboard */,
				AE111E8C1A3BE84D00284D0C /* AlbertEinsteinStamp.jpg */,
				AE111E8D1A3BE84D00284D0C /* SagradaFamilia.jpeg */,
				AE111E731A3BB7B500284D0C /* Images.xcassets */,
				AE111E751A3BB7B500284D0C /* LaunchScreen.xib */,
				AE111E6A1A3BB7B500284D0C /* Supporting Files */,
			);
			path = Postcard;
			sourceTree = "<group>";
		};
		AE111E6A1A3BB7B500284D0C /* Supporting Files */ = {
			isa = PBXGroup;
			children = (
				AE111E6B1A3BB7B500284D0C /* Info.plist */,
			);
			name = "Supporting Files";
			sourceTree = "<group>";
		};
		AE111E7F1A3BB7B600284D0C /* PostcardTests */ = {
			isa = PBXGroup;
			children = (
				AE111E821A3BB7B600284D0C /* PostcardTests.swift */,
				AE111E801A3BB7B600284D0C /* Supporting Files */,
			);
			path = PostcardTests;
			sourceTree = "<group>";
		};
		AE111E801A3BB7B600284D0C /* Supporting Files */ = {
			isa = PBXGroup;
			children = (
				AE111E811A3BB7B600284D0C /* Info.plist */,
			);
			name = "Supporting Files";
			sourceTree = "<group>";
		};
/* End PBXGroup section */

/* Begin PBXNativeTarget section */
		AE111E661A3BB7B500284D0C /* Postcard */ = {
			isa = PBXNativeTarget;
			buildConfigurationList = AE111E861A3BB7B600284D0C /* Build configuration list for PBXNativeTarget "Postcard" */;
			buildPhases = (
				AE111E631A3BB7B500284D0C /* Sources */,
				AE111E641A3BB7B500284D0C /* Frameworks */,
				AE111E651A3BB7B500284D0C /* Resources */,
			);
			buildRules = (
			);
			dependencies = (
			);
			name = Postcard;
			productName = Postcard;
			productReference = AE111E671A3BB7B500284D0C /* Postcard.app */;
			productType = "com.apple.product-type.application";
		};
		AE111E7B1A3BB7B600284D0C /* PostcardTests */ = {
			isa = PBXNativeTarget;
			buildConfigurationList = AE111E891A3BB7B600284D0C /* Build configuration list for PBXNativeTarget "PostcardTests" */;
			buildPhases = (
				AE111E781A3BB7B600284D0C /* Sources */,
				AE111E791A3BB7B600284D0C /* Frameworks */,
				AE111E7A1A3BB7B600284D0C /* Resources */,
			);
			buildRules = (
			);
			dependencies = (
				AE111E7E1A3BB7B600284D0C /* PBXTargetDependency */,
			);
			name = PostcardTests;
			productName = PostcardTests;
			productReference = AE111E7C1A3BB7B600284D0C /* PostcardTests.xctest */;
			productType = "com.apple.product-type.bundle.unit-test";
		};
/* End PBXNativeTarget section */

/* Begin PBXProject section */
		AE111E5F1A3BB7B500284D0C /* Project object */ = {
			isa = PBXProject;
			attributes = {
				LastUpgradeCheck = 0610;
				ORGANIZATIONNAME = "John Adapon";
				TargetAttributes = {
					AE111E661A3BB7B500284D0C = {
						CreatedOnToolsVersion = 6.1.1;
					};
					AE111E7B1A3BB7B600284D0C = {
						CreatedOnToolsVersion = 6.1.1;
						TestTargetID = AE111E661A3BB7B500284D0C;
					};
				};
			};
			buildConfigurationList = AE111E621A3BB7B500284D0C /* Build configuration list for PBXProject "Postcard" */;
			compatibilityVersion = "Xcode 3.2";
			developmentRegion = English;
			hasScannedForEncodings = 0;
			knownRegions = (
				en,
				Base,
			);
			mainGroup = AE111E5E1A3BB7B500284D0C;
			productRefGroup = AE111E681A3BB7B500284D0C /* Products */;
			projectDirPath = "";
			projectRoot = "";
			targets = (
				AE111E661A3BB7B500284D0C /* Postcard */,
				AE111E7B1A3BB7B600284D0C /* PostcardTests */,
			);
		};
/* End PBXProject section */

/* Begin PBXResourcesBuildPhase section */
		AE111E651A3BB7B500284D0C /* Resources */ = {
			isa = PBXResourcesBuildPhase;
			buildActionMask = 2147483647;
			files = (
				AE111E8E1A3BE84D00284D0C /* AlbertEinsteinStamp.jpg in Resources */,
				AE111E721A3BB7B500284D0C /* Main.storyboard in Resources */,
				AE111E771A3BB7B500284D0C /* LaunchScreen.xib in Resources */,
				AE111E741A3BB7B500284D0C /* Images.xcassets in Resources */,
				AE111E8F1A3BE84D00284D0C /* SagradaFamilia.jpeg in Resources */,
			);
			runOnlyForDeploymentPostprocessing = 0;
		};
		AE111E7A1A3BB7B600284D0C /* Resources */ = {
			isa = PBXResourcesBuildPhase;
			buildActionMask = 2147483647;
			files = (
			);
			runOnlyForDeploymentPostprocessing = 0;
		};
/* End PBXResourcesBuildPhase section */

/* Begin PBXSourcesBuildPhase section */
		AE111E631A3BB7B500284D0C /* Sources */ = {
			isa = PBXSourcesBuildPhase;
			buildActionMask = 2147483647;
			files = (
				AE111E6F1A3BB7B500284D0C /* ViewController.swift in Sources */,
				AE111E6D1A3BB7B500284D0C /* AppDelegate.swift in Sources */,
			);
			runOnlyForDeploymentPostprocessing = 0;
		};
		AE111E781A3BB7B600284D0C /* Sources */ = {
			isa = PBXSourcesBuildPhase;
			buildActionMask = 2147483647;
			files = (
				AE111E831A3BB7B600284D0C /* PostcardTests.swift in Sources */,
			);
			runOnlyForDeploymentPostprocessing = 0;
		};
/* End PBXSourcesBuildPhase section */

/* Begin PBXTargetDependency section */
		AE111E7E1A3BB7B600284D0C /* PBXTargetDependency */ = {
			isa = PBXTargetDependency;
			target = AE111E661A3BB7B500284D0C /* Postcard */;
			targetProxy = AE111E7D1A3BB7B600284D0C /* PBXContainerItemProxy */;
		};
/* End PBXTargetDependency section */

/* Begin PBXVariantGroup section */
		AE111E701A3BB7B500284D0C /* Main.storyboard */ = {
			isa = PBXVariantGroup;
			children = (
				AE111E711A3BB7B500284D0C /* Base */,
			);
			name = Main.storyboard;
			sourceTree = "<group>";
		};
		AE111E751A3BB7B500284D0C /* LaunchScreen.xib */ = {
			isa = PBXVariantGroup;
			children = (
				AE111E761A3BB7B500284D0C /* Base */,
			);
			name = LaunchScreen.xib;
			sourceTree = "<group>";
		};
/* End PBXVariantGroup section */

/* Begin XCBuildConfiguration section */
		AE111E841A3BB7B600284D0C /* Debug */ = {
			isa = XCBuildConfiguration;
			buildSettings = {
				ALWAYS_SEARCH_USER_PATHS = NO;
				CLANG_CXX_LANGUAGE_STANDARD = "gnu++0x";
				CLANG_CXX_LIBRARY = "libc++";
				CLANG_ENABLE_MODULES = YES;
				CLANG_ENABLE_OBJC_ARC = YES;
				CLANG_WARN_BOOL_CONVERSION = YES;
				CLANG_WARN_CONSTANT_CONVERSION = YES;
				CLANG_WARN_DIRECT_OBJC_ISA_USAGE = YES_ERROR;
				CLANG_WARN_EMPTY_BODY = YES;
				CLANG_WARN_ENUM_CONVERSION = YES;
				CLANG_WARN_INT_CONVERSION = YES;
				CLANG_WARN_OBJC_ROOT_CLASS = YES_ERROR;
				CLANG_WARN_UNREACHABLE_CODE = YES;
				CLANG_WARN__DUPLICATE_METHOD_MATCH = YES;
				"CODE_SIGN_IDENTITY[sdk=iphoneos*]" = "iPhone Developer";
				COPY_PHASE_STRIP = NO;
				ENABLE_STRICT_OBJC_MSGSEND = YES;
				GCC_C_LANGUAGE_STANDARD = gnu99;
				GCC_DYNAMIC_NO_PIC = NO;
				GCC_OPTIMIZATION_LEVEL = 0;
				GCC_PREPROCESSOR_DEFINITIONS = (
					"DEBUG=1",
					"$(inherited)",
				);
				GCC_SYMBOLS_PRIVATE_EXTERN = NO;
				GCC_WARN_64_TO_32_BIT_CONVERSION = YES;
				GCC_WARN_ABOUT_RETURN_TYPE = YES_ERROR;
				GCC_WARN_UNDECLARED_SELECTOR = YES;
				GCC_WARN_UNINITIALIZED_AUTOS = YES_AGGRESSIVE;
				GCC_WARN_UNUSED_FUNCTION = YES;
				GCC_WARN_UNUSED_VARIABLE = YES;
				IPHONEOS_DEPLOYMENT_TARGET = 8.1;
				MTL_ENABLE_DEBUG_INFO = YES;
				ONLY_ACTIVE_ARCH = YES;
				SDKROOT = iphoneos;
				SWIFT_OPTIMIZATION_LEVEL = "-Onone";
				TARGETED_DEVICE_FAMILY = "1,2";
			};
			name = Debug;
		};
		AE111E851A3BB7B600284D0C /* Release */ = {
			isa = XCBuildConfiguration;
			buildSettings = {
				ALWAYS_SEARCH_USER_PATHS = NO;
				CLANG_CXX_LANGUAGE_STANDARD = "gnu++0x";
				CLANG_CXX_LIBRARY = "libc++";
				CLANG_ENABLE_MODULES = YES;
				CLANG_ENABLE_OBJC_ARC = YES;
				CLANG_WARN_BOOL_CONVERSION = YES;
				CLANG_WARN_CONSTANT_CONVERSION = YES;
				CLANG_WARN_DIRECT_OBJC_ISA_USAGE = YES_ERROR;
				CLANG_WARN_EMPTY_BODY = YES;
				CLANG_WARN_ENUM_CONVERSION = YES;
				CLANG_WARN_INT_CONVERSION = YES;
				CLANG_WARN_OBJC_ROOT_CLASS = YES_ERROR;
				CLANG_WARN_UNREACHABLE_CODE = YES;
				CLANG_WARN__DUPLICATE_METHOD_MATCH = YES;
				"CODE_SIGN_IDENTITY[sdk=iphoneos*]" = "iPhone Developer";
				COPY_PHASE_STRIP = YES;
				ENABLE_NS_ASSERTIONS = NO;
				ENABLE_STRICT_OBJC_MSGSEND = YES;
				GCC_C_LANGUAGE_STANDARD = gnu99;
				GCC_WARN_64_TO_32_BIT_CONVERSION = YES;
				GCC_WARN_ABOUT_RETURN_TYPE = YES_ERROR;
				GCC_WARN_UNDECLARED_SELECTOR = YES;
				GCC_WARN_UNINITIALIZED_AUTOS = YES_AGGRESSIVE;
				GCC_WARN_UNUSED_FUNCTION = YES;
				GCC_WARN_UNUSED_VARIABLE = YES;
				IPHONEOS_DEPLOYMENT_TARGET = 8.1;
				MTL_ENABLE_DEBUG_INFO = NO;
				SDKROOT = iphoneos;
				TARGETED_DEVICE_FAMILY = "1,2";
				VALIDATE_PRODUCT = YES;
			};
			name = Release;
		};
		AE111E871A3BB7B600284D0C /* Debug */ = {
			isa = XCBuildConfiguration;
			buildSettings = {
				ASSETCATALOG_COMPILER_APPICON_NAME = AppIcon;
				INFOPLIST_FILE = Postcard/Info.plist;
				LD_RUNPATH_SEARCH_PATHS = "$(inherited) @executable_path/Frameworks";
				PRODUCT_NAME = "$(TARGET_NAME)";
			};
			name = Debug;
		};
		AE111E881A3BB7B600284D0C /* Release */ = {
			isa = XCBuildConfiguration;
			buildSettings = {
				ASSETCATALOG_COMPILER_APPICON_NAME = AppIcon;
				INFOPLIST_FILE = Postcard/Info.plist;
				LD_RUNPATH_SEARCH_PATHS = "$(inherited) @executable_path/Frameworks";
				PRODUCT_NAME = "$(TARGET_NAME)";
			};
			name = Release;
		};
		AE111E8A1A3BB7B600284D0C /* Debug */ = {
			isa = XCBuildConfiguration;
			buildSettings = {
				BUNDLE_LOADER = "$(TEST_HOST)";
				FRAMEWORK_SEARCH_PATHS = (
					"$(SDKROOT)/Developer/Library/Frameworks",
					"$(inherited)",
				);
				GCC_PREPROCESSOR_DEFINITIONS = (
					"DEBUG=1",
					"$(inherited)",
				);
				INFOPLIST_FILE = PostcardTests/Info.plist;
				LD_RUNPATH_SEARCH_PATHS = "$(inherited) @executable_path/Frameworks @loader_path/Frameworks";
				PRODUCT_NAME = "$(TARGET_NAME)";
				TEST_HOST = "$(BUILT_PRODUCTS_DIR)/Postcard.app/Postcard";
			};
			name = Debug;
		};
		AE111E8B1A3BB7B600284D0C /* Release */ = {
			isa = XCBuildConfiguration;
			buildSettings = {
				BUNDLE_LOADER = "$(TEST_HOST)";
				FRAMEWORK_SEARCH_PATHS = (
					"$(SDKROOT)/Developer/Library/Frameworks",
					"$(inherited)",
				);
				INFOPLIST_FILE = PostcardTests/Info.plist;
				LD_RUNPATH_SEARCH_PATHS = "$(inherited) @executable_path/Frameworks @loader_path/Frameworks";
				PRODUCT_NAME = "$(TARGET_NAME)";
				TEST_HOST = "$(BUILT_PRODUCTS_DIR)/Postcard.app/Postcard";
			};
			name = Release;
		};
/* End XCBuildConfiguration section */

/* Begin XCConfigurationList section */
		AE111E621A3BB7B500284D0C /* Build configuration list for PBXProject "Postcard" */ = {
			isa = XCConfigurationList;
			buildConfigurations = (
				AE111E841A3BB7B600284D0C /* Debug */,
				AE111E851A3BB7B600284D0C /* Release */,
			);
			defaultConfigurationIsVisible = 0;
			defaultConfigurationName = Release;
		};
		AE111E861A3BB7B600284D0C /* Build configuration list for PBXNativeTarget "Postcard" */ = {
			isa = XCConfigurationList;
			buildConfigurations = (
				AE111E871A3BB7B600284D0C /* Debug */,
				AE111E881A3BB7B600284D0C /* Release */,
			);
			defaultConfigurationIsVisible = 0;
		};
		AE111E891A3BB7B600284D0C /* Build configuration list for PBXNativeTarget "PostcardTests" */ = {
			isa = XCConfigurationList;
			buildConfigurations = (
				AE111E8A1A3BB7B600284D0C /* Debug */,
				AE111E8B1A3BB7B600284D0C /* Release */,
			);
			defaultConfigurationIsVisible = 0;
		};
/* End XCConfigurationList section */
	};
	rootObject = AE111E5F1A3BB7B500284D0C /* Project object */;
}
